// !$*UTF8*$!
{
	archiveVersion = 1;
	classes = {
	};
	objectVersion = 50;
	objects = {

/* Begin PBXBuildFile section */
		B16CBBDC20EC254900DFB82B /* AppDelegate.swift in Sources */ = {isa = PBXBuildFile; fileRef = B16CBBDB20EC254900DFB82B /* AppDelegate.swift */; };
		B16CBBDE20EC254900DFB82B /* ViewController.swift in Sources */ = {isa = PBXBuildFile; fileRef = B16CBBDD20EC254900DFB82B /* ViewController.swift */; };
		B16CBBE120EC254900DFB82B /* Main.storyboard in Resources */ = {isa = PBXBuildFile; fileRef = B16CBBDF20EC254900DFB82B /* Main.storyboard */; };
		B16CBBE320EC254B00DFB82B /* Assets.xcassets in Resources */ = {isa = PBXBuildFile; fileRef = B16CBBE220EC254B00DFB82B /* Assets.xcassets */; };
		B16CBBE620EC254B00DFB82B /* LaunchScreen.storyboard in Resources */ = {isa = PBXBuildFile; fileRef = B16CBBE420EC254B00DFB82B /* LaunchScreen.storyboard */; };
/* End PBXBuildFile section */

/* Begin PBXFileReference section */
		B16CBBD820EC254900DFB82B /* Garden Identifier.app */ = {isa = PBXFileReference; explicitFileType = wrapper.application; includeInIndex = 0; path = "Garden Identifier.app"; sourceTree = BUILT_PRODUCTS_DIR; };
		B16CBBDB20EC254900DFB82B /* AppDelegate.swift */ = {isa = PBXFileReference; lastKnownFileType = sourcecode.swift; path = AppDelegate.swift; sourceTree = "<group>"; };
		B16CBBDD20EC254900DFB82B /* ViewController.swift */ = {isa = PBXFileReference; lastKnownFileType = sourcecode.swift; path = ViewController.swift; sourceTree = "<group>"; };
		B16CBBE020EC254900DFB82B /* Base */ = {isa = PBXFileReference; lastKnownFileType = file.storyboard; name = Base; path = Base.lproj/Main.storyboard; sourceTree = "<group>"; };
		B16CBBE220EC254B00DFB82B /* Assets.xcassets */ = {isa = PBXFileReference; lastKnownFileType = folder.assetcatalog; path = Assets.xcassets; sourceTree = "<group>"; };
		B16CBBE520EC254B00DFB82B /* Base */ = {isa = PBXFileReference; lastKnownFileType = file.storyboard; name = Base; path = Base.lproj/LaunchScreen.storyboard; sourceTree = "<group>"; };
		B16CBBE720EC254B00DFB82B /* Info.plist */ = {isa = PBXFileReference; lastKnownFileType = text.plist.xml; path = Info.plist; sourceTree = "<group>"; };
/* End PBXFileReference section */

/* Begin PBXFrameworksBuildPhase section */
		B16CBBD520EC254900DFB82B /* Frameworks */ = {
			isa = PBXFrameworksBuildPhase;
			buildActionMask = 2147483647;
			files = (
			);
			runOnlyForDeploymentPostprocessing = 0;
		};
/* End PBXFrameworksBuildPhase section */

/* Begin PBXGroup section */
		B16CBBCF20EC254900DFB82B = {
			isa = PBXGroup;
			children = (
				B16CBBDA20EC254900DFB82B /* Garden Identifier */,
				B16CBBD920EC254900DFB82B /* Products */,
			);
			sourceTree = "<group>";
		};
		B16CBBD920EC254900DFB82B /* Products */ = {
			isa = PBXGroup;
			children = (
				B16CBBD820EC254900DFB82B /* Garden Identifier.app */,
			);
			name = Products;
			sourceTree = "<group>";
		};
		B16CBBDA20EC254900DFB82B /* Garden Identifier */ = {
			isa = PBXGroup;
			children = (
				B16CBBDB20EC254900DFB82B /* AppDelegate.swift */,
				B16CBBDD20EC254900DFB82B /* ViewController.swift */,
				B16CBBDF20EC254900DFB82B /* Main.storyboard */,
				B16CBBE220EC254B00DFB82B /* Assets.xcassets */,
				B16CBBE420EC254B00DFB82B /* LaunchScreen.storyboard */,
				B16CBBE720EC254B00DFB82B /* Info.plist */,
			);
			path = "Garden Identifier";
			sourceTree = "<group>";
		};
/* End PBXGroup section */

/* Begin PBXNativeTarget section */
		B16CBBD720EC254900DFB82B /* Garden Identifier */ = {
			isa = PBXNativeTarget;
			buildConfigurationList = B16CBBEA20EC254B00DFB82B /* Build configuration list for PBXNativeTarget "Garden Identifier" */;
			buildPhases = (
				B16CBBD420EC254900DFB82B /* Sources */,
				B16CBBD520EC254900DFB82B /* Frameworks */,
				B16CBBD620EC254900DFB82B /* Resources */,
			);
			buildRules = (
			);
			dependencies = (
			);
			name = "Garden Identifier";
			productName = "Garden Identifier";
			productReference = B16CBBD820EC254900DFB82B /* Garden Identifier.app */;
			productType = "com.apple.product-type.application";
		};
/* End PBXNativeTarget section */

/* Begin PBXProject section */
		B16CBBD020EC254900DFB82B /* Project object */ = {
			isa = PBXProject;
			attributes = {
				LastSwiftUpdateCheck = 0940;
				LastUpgradeCheck = 0940;
				ORGANIZATIONNAME = "Zhengyang Duan";
				TargetAttributes = {
					B16CBBD720EC254900DFB82B = {
						CreatedOnToolsVersion = 9.4.1;
					};
				};
			};
			buildConfigurationList = B16CBBD320EC254900DFB82B /* Build configuration list for PBXProject "Garden Identifier" */;
			compatibilityVersion = "Xcode 9.3";
			developmentRegion = en;
			hasScannedForEncodings = 0;
			knownRegions = (
				en,
				Base,
			);
			mainGroup = B16CBBCF20EC254900DFB82B;
			productRefGroup = B16CBBD920EC254900DFB82B /* Products */;
			projectDirPath = "";
			projectRoot = "";
			targets = (
				B16CBBD720EC254900DFB82B /* Garden Identifier */,
			);
		};
/* End PBXProject section */

/* Begin PBXResourcesBuildPhase section */
		B16CBBD620EC254900DFB82B /* Resources */ = {
			isa = PBXResourcesBuildPhase;
			buildActionMask = 2147483647;
			files = (
				B16CBBE620EC254B00DFB82B /* LaunchScreen.storyboard in Resources */,
				B16CBBE320EC254B00DFB82B /* Assets.xcassets in Resources */,
				B16CBBE120EC254900DFB82B /* Main.storyboard in Resources */,
			);
			runOnlyForDeploymentPostprocessing = 0;
		};
/* End PBXResourcesBuildPhase section */

/* Begin PBXSourcesBuildPhase section */
		B16CBBD420EC254900DFB82B /* Sources */ = {
			isa = PBXSourcesBuildPhase;
			buildActionMask = 2147483647;
			files = (
				B16CBBDE20EC254900DFB82B /* ViewController.swift in Sources */,
				B16CBBDC20EC254900DFB82B /* AppDelegate.swift in Sources */,
			);
			runOnlyForDeploymentPostprocessing = 0;
		};
/* End PBXSourcesBuildPhase section */

/* Begin PBXVariantGroup section */
		B16CBBDF20EC254900DFB82B /* Main.storyboard */ = {
			isa = PBXVariantGroup;
			children = (
				B16CBBE020EC254900DFB82B /* Base */,
			);
			name = Main.storyboard;
			sourceTree = "<group>";
		};
		B16CBBE420EC254B00DFB82B /* LaunchScreen.storyboard */ = {
			isa = PBXVariantGroup;
			children = (
				B16CBBE520EC254B00DFB82B /* Base */,
			);
			name = LaunchScreen.storyboard;
			sourceTree = "<group>";
		};
/* End PBXVariantGroup section */

/* Begin XCBuildConfiguration section */
		B16CBBE820EC254B00DFB82B /* Debug */ = {
			isa = XCBuildConfiguration;
			buildSettings = {
				ALWAYS_SEARCH_USER_PATHS = NO;
				CLANG_ANALYZER_NONNULL = YES;
				CLANG_ANALYZER_NUMBER_OBJECT_CONVERSION = YES_AGGRESSIVE;
				CLANG_CXX_LANGUAGE_STANDARD = "gnu++14";
				CLANG_CXX_LIBRARY = "libc++";
				CLANG_ENABLE_MODULES = YES;
				CLANG_ENABLE_OBJC_ARC = YES;
				CLANG_ENABLE_OBJC_WEAK = YES;
				CLANG_WARN_BLOCK_CAPTURE_AUTORELEASING = YES;
				CLANG_WARN_BOOL_CONVERSION = YES;
				CLANG_WARN_COMMA = YES;
				CLANG_WARN_CONSTANT_CONVERSION = YES;
				CLANG_WARN_DEPRECATED_OBJC_IMPLEMENTATIONS = YES;
				CLANG_WARN_DIRECT_OBJC_ISA_USAGE = YES_ERROR;
				CLANG_WARN_DOCUMENTATION_COMMENTS = YES;
				CLANG_WARN_EMPTY_BODY = YES;
				CLANG_WARN_ENUM_CONVERSION = YES;
				CLANG_WARN_INFINITE_RECURSION = YES;
				CLANG_WARN_INT_CONVERSION = YES;
				CLANG_WARN_NON_LITERAL_NULL_CONVERSION = YES;
				CLANG_WARN_OBJC_IMPLICIT_RETAIN_SELF = YES;
				CLANG_WARN_OBJC_LITERAL_CONVERSION = YES;
				CLANG_WARN_OBJC_ROOT_CLASS = YES_ERROR;
				CLANG_WARN_RANGE_LOOP_ANALYSIS = YES;
				CLANG_WARN_STRICT_PROTOTYPES = YES;
				CLANG_WARN_SUSPICIOUS_MOVE = YES;
				CLANG_WARN_UNGUARDED_AVAILABILITY = YES_AGGRESSIVE;
				CLANG_WARN_UNREACHABLE_CODE = YES;
				CLANG_WARN__DUPLICATE_METHOD_MATCH = YES;
				CODE_SIGN_IDENTITY = "iPhone Developer";
				COPY_PHASE_STRIP = NO;
				DEBUG_INFORMATION_FORMAT = dwarf;
				ENABLE_STRICT_OBJC_MSGSEND = YES;
				ENABLE_TESTABILITY = YES;
				GCC_C_LANGUAGE_STANDARD = gnu11;
				GCC_DYNAMIC_NO_PIC = NO;
				GCC_NO_COMMON_BLOCKS = YES;
				GCC_OPTIMIZATION_LEVEL = 0;
				GCC_PREPROCESSOR_DEFINITIONS = (
					"DEBUG=1",
					"$(inherited)",
				);
				GCC_WARN_64_TO_32_BIT_CONVERSION = YES;
				GCC_WARN_ABOUT_RETURN_TYPE = YES_ERROR;
				GCC_WARN_UNDECLARED_SELECTOR = YES;
				GCC_WARN_UNINITIALIZED_AUTOS = YES_AGGRESSIVE;
				GCC_WARN_UNUSED_FUNCTION = YES;
				GCC_WARN_UNUSED_VARIABLE = YES;
				IPHONEOS_DEPLOYMENT_TARGET = 11.4;
				MTL_ENABLE_DEBUG_INFO = YES;
				ONLY_ACTIVE_ARCH = YES;
				SDKROOT = iphoneos;
				SWIFT_ACTIVE_COMPILATION_CONDITIONS = DEBUG;
				SWIFT_OPTIMIZATION_LEVEL = "-Onone";
			};
			name = Debug;
		};
		B16CBBE920EC254B00DFB82B /* Release */ = {
			isa = XCBuildConfiguration;
			buildSettings = {
				ALWAYS_SEARCH_USER_PATHS = NO;
				CLANG_ANALYZER_NONNULL = YES;
				CLANG_ANALYZER_NUMBER_OBJECT_CONVERSION = YES_AGGRESSIVE;
				CLANG_CXX_LANGUAGE_STANDARD = "gnu++14";
				CLANG_CXX_LIBRARY = "libc++";
				CLANG_ENABLE_MODULES = YES;
				CLANG_ENABLE_OBJC_ARC = YES;
				CLANG_ENABLE_OBJC_WEAK = YES;
				CLANG_WARN_BLOCK_CAPTURE_AUTORELEASING = YES;
				CLANG_WARN_BOOL_CONVERSION = YES;
				CLANG_WARN_COMMA = YES;
				CLANG_WARN_CONSTANT_CONVERSION = YES;
				CLANG_WARN_DEPRECATED_OBJC_IMPLEMENTATIONS = YES;
				CLANG_WARN_DIRECT_OBJC_ISA_USAGE = YES_ERROR;
				CLANG_WARN_DOCUMENTATION_COMMENTS = YES;
				CLANG_WARN_EMPTY_BODY = YES;
				CLANG_WARN_ENUM_CONVERSION = YES;
				CLANG_WARN_INFINITE_RECURSION = YES;
				CLANG_WARN_INT_CONVERSION = YES;
				CLANG_WARN_NON_LITERAL_NULL_CONVERSION = YES;
				CLANG_WARN_OBJC_IMPLICIT_RETAIN_SELF = YES;
				CLANG_WARN_OBJC_LITERAL_CONVERSION = YES;
				CLANG_WARN_OBJC_ROOT_CLASS = YES_ERROR;
				CLANG_WARN_RANGE_LOOP_ANALYSIS = YES;
				CLANG_WARN_STRICT_PROTOTYPES = YES;
				CLANG_WARN_SUSPICIOUS_MOVE = YES;
				CLANG_WARN_UNGUARDED_AVAILABILITY = YES_AGGRESSIVE;
				CLANG_WARN_UNREACHABLE_CODE = YES;
				CLANG_WARN__DUPLICATE_METHOD_MATCH = YES;
				CODE_SIGN_IDENTITY = "iPhone Developer";
				COPY_PHASE_STRIP = NO;
				DEBUG_INFORMATION_FORMAT = "dwarf-with-dsym";
				ENABLE_NS_ASSERTIONS = NO;
				ENABLE_STRICT_OBJC_MSGSEND = YES;
				GCC_C_LANGUAGE_STANDARD = gnu11;
				GCC_NO_COMMON_BLOCKS = YES;
				GCC_WARN_64_TO_32_BIT_CONVERSION = YES;
				GCC_WARN_ABOUT_RETURN_TYPE = YES_ERROR;
				GCC_WARN_UNDECLARED_SELECTOR = YES;
				GCC_WARN_UNINITIALIZED_AUTOS = YES_AGGRESSIVE;
				GCC_WARN_UNUSED_FUNCTION = YES;
				GCC_WARN_UNUSED_VARIABLE = YES;
				IPHONEOS_DEPLOYMENT_TARGET = 11.4;
				MTL_ENABLE_DEBUG_INFO = NO;
				SDKROOT = iphoneos;
				SWIFT_COMPILATION_MODE = wholemodule;
				SWIFT_OPTIMIZATION_LEVEL = "-O";
				VALIDATE_PRODUCT = YES;
			};
			name = Release;
		};
		B16CBBEB20EC254B00DFB82B /* Debug */ = {
			isa = XCBuildConfiguration;
			buildSettings = {
				ASSETCATALOG_COMPILER_APPICON_NAME = AppIcon;
				CODE_SIGN_STYLE = Automatic;
				DEVELOPMENT_TEAM = 45F42PUSRD;
				INFOPLIST_FILE = "Garden Identifier/Info.plist";
				LD_RUNPATH_SEARCH_PATHS = (
					"$(inherited)",
					"@executable_path/Frameworks",
				);
				PRODUCT_BUNDLE_IDENTIFIER = "com.weebly.zduan.Garden-Identifier";
				PRODUCT_NAME = "$(TARGET_NAME)";
				SWIFT_VERSION = 4.0;
				TARGETED_DEVICE_FAMILY = "1,2";
			};
			name = Debug;
		};
		B16CBBEC20EC254B00DFB82B /* Release */ = {
			isa = XCBuildConfiguration;
			buildSettings = {
				ASSETCATALOG_COMPILER_APPICON_NAME = AppIcon;
				CODE_SIGN_STYLE = Automatic;
				DEVELOPMENT_TEAM = 45F42PUSRD;
				INFOPLIST_FILE = "Garden Identifier/Info.plist";
				LD_RUNPATH_SEARCH_PATHS = (
					"$(inherited)",
					"@executable_path/Frameworks",
				);
				PRODUCT_BUNDLE_IDENTIFIER = "com.weebly.zduan.Garden-Identifier";
				PRODUCT_NAME = "$(TARGET_NAME)";
				SWIFT_VERSION = 4.0;
				TARGETED_DEVICE_FAMILY = "1,2";
			};
			name = Release;
		};
/* End XCBuildConfiguration section */

/* Begin XCConfigurationList section */
		B16CBBD320EC254900DFB82B /* Build configuration list for PBXProject "Garden Identifier" */ = {
			isa = XCConfigurationList;
			buildConfigurations = (
				B16CBBE820EC254B00DFB82B /* Debug */,
				B16CBBE920EC254B00DFB82B /* Release */,
			);
			defaultConfigurationIsVisible = 0;
			defaultConfigurationName = Release;
		};
		B16CBBEA20EC254B00DFB82B /* Build configuration list for PBXNativeTarget "Garden Identifier" */ = {
			isa = XCConfigurationList;
			buildConfigurations = (
				B16CBBEB20EC254B00DFB82B /* Debug */,
				B16CBBEC20EC254B00DFB82B /* Release */,
			);
			defaultConfigurationIsVisible = 0;
			defaultConfigurationName = Release;
		};
/* End XCConfigurationList section */
	};
	rootObject = B16CBBD020EC254900DFB82B /* Project object */;
}
